
Microsoft Visual Studio Solution File, Format Version 12.00
# Visual Studio Version 16
VisualStudioVersion = 16.0.29403.142
MinimumVisualStudioVersion = 10.0.40219.1
Project("{9A19103F-16F7-4668-BE54-9A1E7A4F7556}") = "DmxUsbProCSharp", "DmxUsbProCSharp\DmxUsbProCSharp.csproj", "{597C442D-CC92-4FE3-9DC1-B1A8B100630B}"
EndProject
Project("{9A19103F-16F7-4668-BE54-9A1E7A4F7556}") = "DmxUsbProCSharp.UnitTests", "DmxUsbProCSharp.UnitTests\DmxUsbProCSharp.UnitTests.csproj", "{2ECA296D-A3E1-4E89-92A5-CA8DB0EA0EAB}"
EndProject
Global
	GlobalSection(SolutionConfigurationPlatforms) = preSolution
		Debug|Any CPU = Debug|Any CPU
		Release|Any CPU = Release|Any CPU
	EndGlobalSection
	GlobalSection(ProjectConfigurationPlatforms) = postSolution
		{597C442D-CC92-4FE3-9DC1-B1A8B100630B}.Debug|Any CPU.ActiveCfg = Debug|Any CPU
		{597C442D-CC92-4FE3-9DC1-B1A8B100630B}.Debug|Any CPU.Build.0 = Debug|Any CPU
		{597C442D-CC92-4FE3-9DC1-B1A8B100630B}.Release|Any CPU.ActiveCfg = Release|Any CPU
		{597C442D-CC92-4FE3-9DC1-B1A8B100630B}.Release|Any CPU.Build.0 = Release|Any CPU
		{2ECA296D-A3E1-4E89-92A5-CA8DB0EA0EAB}.Debug|Any CPU.ActiveCfg = Debug|Any CPU
		{2ECA296D-A3E1-4E89-92A5-CA8DB0EA0EAB}.Debug|Any CPU.Build.0 = Debug|Any CPU
		{2ECA296D-A3E1-4E89-92A5-CA8DB0EA0EAB}.Release|Any CPU.ActiveCfg = Release|Any CPU
		{2ECA296D-A3E1-4E89-92A5-CA8DB0EA0EAB}.Release|Any CPU.Build.0 = Release|Any CPU
	EndGlobalSection
	GlobalSection(SolutionProperties) = preSolution
		HideSolutionNode = FALSE
	EndGlobalSection
	GlobalSection(ExtensibilityGlobals) = postSolution
		SolutionGuid = {BD98B430-A7B8-4693-BC60-1E10607AF82B}
	EndGlobalSection
EndGlobal
